<?xml version="1.0" encoding="utf-8"?>
<Project ToolsVersion="4.0" xmlns="http://schemas.microsoft.com/developer/msbuild/2003">
  <ItemGroup>
    <Filter Include="Source Files">
      <UniqueIdentifier>{4FC737F1-C7A5-4376-A066-2A32D752A2FF}</UniqueIdentifier>
      <Extensions>cpp;c;cc;cxx;c++;cppm;ixx;def;odl;idl;hpj;bat;asm;asmx</Extensions>
    </Filter>
    <Filter Include="Header Files">
      <UniqueIdentifier>{93995380-89BD-4b04-88EB-625FBE52EBFB}</UniqueIdentifier>
      <Extensions>h;hh;hpp;hxx;h++;hm;inl;inc;ipp;xsd</Extensions>
    </Filter>
    <Filter Include="Resource Files">
      <UniqueIdentifier>{67DA6AB6-F800-4c08-8B7A-83BB121AAD01}</UniqueIdentifier>
      <Extensions>rc;ico;cur;bmp;dlg;rc2;rct;bin;rgs;gif;jpg;jpeg;jpe;resx;tiff;tif;png;wav;mfcribbon-ms</Extensions>
    </Filter>
  </ItemGroup>
  <ItemGroup>
    <ClInclude Include="rel\include\gc\demo.h">
      <Filter>Header Files</Filter>
    </ClInclude>
    <ClInclude Include="rel\include\gc\exi.h">
      <Filter>Header Files</Filter>
    </ClInclude>
    <ClInclude Include="rel\include\gc\mtx.h">
      <Filter>Header Files</Filter>
    </ClInclude>
    <ClInclude Include="rel\include\gc\os.h">
      <Filter>Header Files</Filter>
    </ClInclude>
    <ClInclude Include="rel\include\gc\si.h">
      <Filter>Header Files</Filter>
    </ClInclude>
    <ClInclude Include="rel\include\gc\types.h">
      <Filter>Header Files</Filter>
    </ClInclude>
    <ClInclude Include="rel\include\ttyd\animdrv.h">
      <Filter>Header Files</Filter>
    </ClInclude>
    <ClInclude Include="rel\include\ttyd\common_types.h">
      <Filter>Header Files</Filter>
    </ClInclude>
    <ClInclude Include="rel\include\ttyd\database.h">
      <Filter>Header Files</Filter>
    </ClInclude>
    <ClInclude Include="rel\include\ttyd\dispdrv.h">
      <Filter>Header Files</Filter>
    </ClInclude>
    <ClInclude Include="rel\include\ttyd\dvdmgr.h">
      <Filter>Header Files</Filter>
    </ClInclude>
    <ClInclude Include="rel\include\ttyd\envdrv.h">
      <Filter>Header Files</Filter>
    </ClInclude>
    <ClInclude Include="rel\include\ttyd\event.h">
      <Filter>Header Files</Filter>
    </ClInclude>
    <ClInclude Include="rel\include\ttyd\evt_bero.h">
      <Filter>Header Files</Filter>
    </ClInclude>
    <ClInclude Include="rel\include\ttyd\evt_map.h">
      <Filter>Header Files</Filter>
    </ClInclude>
    <ClInclude Include="rel\include\ttyd\evt_mobj.h">
      <Filter>Header Files</Filter>
    </ClInclude>
    <ClInclude Include="rel\include\ttyd\evt_npc.h">
      <Filter>Header Files</Filter>
    </ClInclude>
    <ClInclude Include="rel\include\ttyd\evt_shop.h">
      <Filter>Header Files</Filter>
    </ClInclude>
    <ClInclude Include="rel\include\ttyd\evtmgr.h">
      <Filter>Header Files</Filter>
    </ClInclude>
    <ClInclude Include="rel\include\ttyd\fontmgr.h">
      <Filter>Header Files</Filter>
    </ClInclude>
    <ClInclude Include="rel\include\ttyd\hitdrv.h">
      <Filter>Header Files</Filter>
    </ClInclude>
    <ClInclude Include="rel\include\ttyd\item_data.h">
      <Filter>Header Files</Filter>
    </ClInclude>
    <ClInclude Include="rel\include\ttyd\itemdrv.h">
      <Filter>Header Files</Filter>
    </ClInclude>
    <ClInclude Include="rel\include\ttyd\mapdata.h">
      <Filter>Header Files</Filter>
    </ClInclude>
    <ClInclude Include="rel\include\ttyd\mario.h">
      <Filter>Header Files</Filter>
    </ClInclude>
    <ClInclude Include="rel\include\ttyd\mario_motion.h">
      <Filter>Header Files</Filter>
    </ClInclude>
    <ClInclude Include="rel\include\ttyd\mario_party.h">
      <Filter>Header Files</Filter>
    </ClInclude>
    <ClInclude Include="rel\include\ttyd\mariost.h">
      <Filter>Header Files</Filter>
    </ClInclude>
    <ClInclude Include="rel\include\ttyd\memory.h">
      <Filter>Header Files</Filter>
    </ClInclude>
    <ClInclude Include="rel\include\ttyd\npcdrv.h">
      <Filter>Header Files</Filter>
    </ClInclude>
    <ClInclude Include="rel\include\ttyd\OSLink.h">
      <Filter>Header Files</Filter>
    </ClInclude>
    <ClInclude Include="rel\include\ttyd\party.h">
      <Filter>Header Files</Filter>
    </ClInclude>
    <ClInclude Include="rel\include\ttyd\seq_logo.h">
      <Filter>Header Files</Filter>
    </ClInclude>
    <ClInclude Include="rel\include\ttyd\seqdrv.h">
      <Filter>Header Files</Filter>
    </ClInclude>
    <ClInclude Include="rel\include\ttyd\string.h">
      <Filter>Header Files</Filter>
    </ClInclude>
    <ClInclude Include="rel\include\ttyd\swdrv.h">
      <Filter>Header Files</Filter>
    </ClInclude>
    <ClInclude Include="rel\include\ttyd\system.h">
      <Filter>Header Files</Filter>
    </ClInclude>
    <ClInclude Include="rel\include\common.h">
      <Filter>Header Files</Filter>
    </ClInclude>
    <ClInclude Include="rel\include\console.h">
      <Filter>Header Files</Filter>
    </ClInclude>
    <ClInclude Include="rel\include\evt_cmd.h">
      <Filter>Header Files</Filter>
    </ClInclude>
    <ClInclude Include="rel\include\keyboard.h">
      <Filter>Header Files</Filter>
    </ClInclude>
    <ClInclude Include="rel\include\mod.h">
      <Filter>Header Files</Filter>
    </ClInclude>
    <ClInclude Include="rel\include\OWR.h">
      <Filter>Header Files</Filter>
    </ClInclude>
    <ClInclude Include="rel\include\patch.h">
      <Filter>Header Files</Filter>
    </ClInclude>
    <ClInclude Include="rel\include\timer.h">
      <Filter>Header Files</Filter>
    </ClInclude>
    <ClInclude Include="rel\include\ug.h">
      <Filter>Header Files</Filter>
    </ClInclude>
    <ClInclude Include="rel\include\util.h">
      <Filter>Header Files</Filter>
    </ClInclude>
    <ClInclude Include="rel\include\ttyd\evt_item.h">
      <Filter>Header Files</Filter>
    </ClInclude>
    <ClInclude Include="rel\include\common_types.h">
      <Filter>Header Files</Filter>
    </ClInclude>
    <ClInclude Include="rel\include\ttyd\evt_badgeshop.h">
      <Filter>Header Files</Filter>
    </ClInclude>
    <ClInclude Include="rel\include\ttyd\evt_cam.h">
      <Filter>Header Files</Filter>
    </ClInclude>
    <ClInclude Include="rel\include\ttyd\evt_eff.h">
      <Filter>Header Files</Filter>
    </ClInclude>
    <ClInclude Include="rel\include\ttyd\evt_fade.h">
      <Filter>Header Files</Filter>
    </ClInclude>
    <ClInclude Include="rel\include\ttyd\evt_johoya.h">
      <Filter>Header Files</Filter>
    </ClInclude>
    <ClInclude Include="rel\include\ttyd\evt_mario.h">
      <Filter>Header Files</Filter>
    </ClInclude>
    <ClInclude Include="rel\include\ttyd\evt_memcard.h">
      <Filter>Header Files</Filter>
    </ClInclude>
    <ClInclude Include="rel\include\ttyd\evt_msg.h">
      <Filter>Header Files</Filter>
    </ClInclude>
    <ClInclude Include="rel\include\ttyd\evt_party.h">
      <Filter>Header Files</Filter>
    </ClInclude>
    <ClInclude Include="rel\include\ttyd\evt_pouch.h">
      <Filter>Header Files</Filter>
    </ClInclude>
    <ClInclude Include="rel\include\ttyd\evt_snd.h">
      <Filter>Header Files</Filter>
    </ClInclude>
    <ClInclude Include="rel\include\ttyd\evt_sub.h">
      <Filter>Header Files</Filter>
    </ClInclude>
    <ClInclude Include="rel\include\ttyd\evt_win.h">
      <Filter>Header Files</Filter>
    </ClInclude>
    <ClInclude Include="rel\include\ttyd\evt_window.h">
      <Filter>Header Files</Filter>
    </ClInclude>
    <ClInclude Include="rel\include\ttyd\evt_yuugijou.h">
      <Filter>Header Files</Filter>
    </ClInclude>
    <ClInclude Include="rel\include\ttyd\evtmgr_cmd.h">
      <Filter>Header Files</Filter>
    </ClInclude>
    <ClInclude Include="rel\include\gc\OSCache.h">
      <Filter>Header Files</Filter>
    </ClInclude>
    <ClInclude Include="rel\include\ttyd\evt_urouro.h">
      <Filter>Header Files</Filter>
    </ClInclude>
    <ClInclude Include="rel\include\ttyd\evt_nannpc.h">
      <Filter>Header Files</Filter>
    </ClInclude>
    <ClInclude Include="rel\include\ttyd\evt_hit.h">
      <Filter>Header Files</Filter>
    </ClInclude>
    <ClInclude Include="rel\include\ttyd\evt_seq.h">
      <Filter>Header Files</Filter>
    </ClInclude>
    <ClInclude Include="rel\include\ttyd\evt_case.h">
      <Filter>Header Files</Filter>
    </ClInclude>
    <ClInclude Include="rel\include\ttyd\evt_aji.h">
      <Filter>Header Files</Filter>
    </ClInclude>
    <ClInclude Include="rel\include\ttyd\mario_pouch.h">
      <Filter>Header Files</Filter>
    </ClInclude>
    <ClInclude Include="rel\include\StateManager.h">
      <Filter>Header Files</Filter>
    </ClInclude>
    <ClInclude Include="rel\include\ttyd\evt_paper.h">
      <Filter>Header Files</Filter>
    </ClInclude>
    <ClInclude Include="rel\include\ttyd\msgdrv.h">
      <Filter>Header Files</Filter>
    </ClInclude>
    <ClInclude Include="rel\include\assembly.h">
      <Filter>Header Files</Filter>
    </ClInclude>
    <ClInclude Include="rel\include\errorHandling.h">
      <Filter>Header Files</Filter>
    </ClInclude>
    <ClInclude Include="rel\include\gamePatches.h">
      <Filter>Header Files</Filter>
    </ClInclude>
    <ClInclude Include="rel\include\printf.h">
      <Filter>Header Files</Filter>
    </ClInclude>
    <ClInclude Include="rel\include\ttyd\seq_mapchange.h">
      <Filter>Header Files</Filter>
    </ClInclude>
    <ClInclude Include="rel\include\ttyd\seq_title.h">
      <Filter>Header Files</Filter>
    </ClInclude>
    <ClInclude Include="rel\include\ttyd\icondrv.h">
      <Filter>Header Files</Filter>
    </ClInclude>
    <ClInclude Include="rel\include\AP\rel_patch_definitions.h">
      <Filter>Header Files</Filter>
    </ClInclude>
    <ClInclude Include="rel\include\AP\helper_functions.h">
      <Filter>Header Files</Filter>
    </ClInclude>
    <ClInclude Include="rel\include\gc\pad.h">
      <Filter>Header Files</Filter>
    </ClInclude>
    <ClInclude Include="rel\include\ttyd\fadedrv.h">
      <Filter>Header Files</Filter>
    </ClInclude>
    <ClInclude Include="C:\Users\james\Downloads\OSContext.h">
      <Filter>Header Files</Filter>
    </ClInclude>
    <ClInclude Include="C:\Users\james\Downloads\OSModule.h">
      <Filter>Header Files</Filter>
    </ClInclude>
    <ClInclude Include="rel\include\gc\OSContext.h">
      <Filter>Header Files</Filter>
    </ClInclude>
    <ClInclude Include="rel\include\gc\OSModule.h">
      <Filter>Header Files</Filter>
    </ClInclude>
    <ClInclude Include="rel\include\ttyd\mri_puni.h">
      <Filter>Header Files</Filter>
    </ClInclude>
    <ClInclude Include="rel\include\ttyd\evt_shuryolight.h">
      <Filter>Header Files</Filter>
    </ClInclude>
    <ClInclude Include="rel\include\visibility.h">
      <Filter>Header Files</Filter>
    </ClInclude>
    <ClInclude Include="rel\include\relmgr.h">
      <Filter>Header Files</Filter>
    </ClInclude>
    <ClInclude Include="rel\include\cxx.h">
      <Filter>Header Files</Filter>
    </ClInclude>
    <ClInclude Include="rel\include\gc\dvd.h">
      <Filter>Header Files</Filter>
    </ClInclude>
    <ClInclude Include="rel\subrels\aaa\include\subrel_aaa.h">
      <Filter>Header Files</Filter>
    </ClInclude>
    <ClInclude Include="rel\subrels\aji\include\subrel_aji.h">
      <Filter>Header Files</Filter>
    </ClInclude>
    <ClInclude Include="rel\subrels\bom\include\subrel_bom.h">
      <Filter>Header Files</Filter>
    </ClInclude>
    <ClInclude Include="rel\subrels\dou\include\subrel_dou.h">
      <Filter>Header Files</Filter>
    </ClInclude>
    <ClInclude Include="rel\subrels\eki\include\subrel_eki.h">
      <Filter>Header Files</Filter>
    </ClInclude>
    <ClInclude Include="rel\subrels\end\include\subrel_end.h">
      <Filter>Header Files</Filter>
    </ClInclude>
    <ClInclude Include="rel\subrels\gon\include\subrel_gon.h">
      <Filter>Header Files</Filter>
    </ClInclude>
    <ClInclude Include="rel\subrels\gor\include\subrel_gor.h">
      <Filter>Header Files</Filter>
    </ClInclude>
    <ClInclude Include="rel\subrels\gra\include\subrel_gra.h">
      <Filter>Header Files</Filter>
    </ClInclude>
    <ClInclude Include="rel\subrels\hei\include\subrel_hei.h">
      <Filter>Header Files</Filter>
    </ClInclude>
    <ClInclude Include="rel\subrels\hom\include\subrel_hom.h">
      <Filter>Header Files</Filter>
    </ClInclude>
    <ClInclude Include="rel\subrels\init\include\subrel_main.h">
      <Filter>Header Files</Filter>
    </ClInclude>
    <ClInclude Include="rel\subrels\jin\include\subrel_jin.h">
      <Filter>Header Files</Filter>
    </ClInclude>
    <ClInclude Include="rel\subrels\kpa\include\subrel_kpa.h">
      <Filter>Header Files</Filter>
    </ClInclude>
    <ClInclude Include="rel\subrels\las\include\subrel_las.h">
      <Filter>Header Files</Filter>
    </ClInclude>
    <ClInclude Include="rel\subrels\moo\include\subrel_moo.h">
      <Filter>Header Files</Filter>
    </ClInclude>
    <ClInclude Include="rel\subrels\mri\include\subrel_mri.h">
      <Filter>Header Files</Filter>
    </ClInclude>
    <ClInclude Include="rel\subrels\muj\include\subrel_muj.h">
      <Filter>Header Files</Filter>
    </ClInclude>
    <ClInclude Include="rel\subrels\nok\include\subrel_nok.h">
      <Filter>Header Files</Filter>
    </ClInclude>
    <ClInclude Include="rel\subrels\pik\include\subrel_pik.h">
      <Filter>Header Files</Filter>
    </ClInclude>
    <ClInclude Include="rel\subrels\rsh\include\subrel_rsh.h">
      <Filter>Header Files</Filter>
    </ClInclude>
    <ClInclude Include="rel\subrels\tik\include\subrel_tik.h">
      <Filter>Header Files</Filter>
    </ClInclude>
    <ClInclude Include="rel\subrels\tou\include\subrel_tou.h">
      <Filter>Header Files</Filter>
    </ClInclude>
    <ClInclude Include="rel\subrels\tou2\include\subrel_tou2.h">
      <Filter>Header Files</Filter>
    </ClInclude>
    <ClInclude Include="rel\subrels\usu\include\subrel_usu.h">
      <Filter>Header Files</Filter>
    </ClInclude>
    <ClInclude Include="rel\subrels\win\include\subrel_win.h">
      <Filter>Header Files</Filter>
    </ClInclude>
    <ClInclude Include="rel\include\ttyd\statuswindow.h">
      <Filter>Header Files</Filter>
    </ClInclude>
    <ClInclude Include="rel\include\ttyd\win_item.h">
      <Filter>Header Files</Filter>
    </ClInclude>
    <ClInclude Include="rel\include\ttyd\win_main.h">
      <Filter>Header Files</Filter>
    </ClInclude>
    <ClInclude Include="rel\include\ttyd\win_root.h">
      <Filter>Header Files</Filter>
    </ClInclude>
    <ClInclude Include="rel\include\ttyd\pmario_sound.h">
      <Filter>Header Files</Filter>
    </ClInclude>
    <ClInclude Include="rel\include\ttyd\mapdrv.h">
      <Filter>Header Files</Filter>
    </ClInclude>
    <ClInclude Include="rel\include\ttyd\battle_audience.h">
      <Filter>Header Files</Filter>
    </ClInclude>
    <ClInclude Include="rel\include\ttyd\evt_audience.h">
      <Filter>Header Files</Filter>
    </ClInclude>
    <ClInclude Include="rel\include\ttyd\battle_event_cmd.h">
      <Filter>Header Files</Filter>
    </ClInclude>
    <ClInclude Include="rel\include\customWarp.h">
      <Filter>Header Files</Filter>
    </ClInclude>
    <ClInclude Include="rel\include\ttyd\windowdrv.h">
      <Filter>Header Files</Filter>
    </ClInclude>
    <ClInclude Include="rel\include\gc\gx.h">
      <Filter>Header Files</Filter>
    </ClInclude>
    <ClInclude Include="rel\include\ttyd\battle_unit.h">
      <Filter>Header Files</Filter>
    </ClInclude>
    <ClInclude Include="rel\include\ttyd\battle.h">
      <Filter>Header Files</Filter>
    </ClInclude>
    <ClInclude Include="rel\include\ttyd\evt_lecture.h">
      <Filter>Header Files</Filter>
    </ClInclude>
    <ClInclude Include="rel\include\ttyd\seq_game.h">
      <Filter>Header Files</Filter>
    </ClInclude>
    <ClInclude Include="rel\include\ttyd\tou.h">
      <Filter>Header Files</Filter>
    </ClInclude>
    <ClInclude Include="rel\include\ttyd\win_log.h">
      <Filter>Header Files</Filter>
    </ClInclude>
    <ClInclude Include="rel\include\ttyd\mario_cam.h">
      <Filter>Header Files</Filter>
    </ClInclude>
    <ClInclude Include="rel\include\ttyd\tik.h">
      <Filter>Header Files</Filter>
    </ClInclude>
  </ItemGroup>
  <ItemGroup>
    <ClCompile Include="rel\source\common.cpp">
      <Filter>Source Files</Filter>
    </ClCompile>
    <ClCompile Include="rel\source\con_mario.cpp">
      <Filter>Source Files</Filter>
    </ClCompile>
    <ClCompile Include="rel\source\con_perf.cpp">
      <Filter>Source Files</Filter>
    </ClCompile>
    <ClCompile Include="rel\source\con_seq.cpp">
      <Filter>Source Files</Filter>
    </ClCompile>
    <ClCompile Include="rel\source\console.cpp">
      <Filter>Source Files</Filter>
    </ClCompile>
    <ClCompile Include="rel\source\cxx.cpp">
      <Filter>Source Files</Filter>
    </ClCompile>
    <ClCompile Include="rel\source\keyboard.cpp">
      <Filter>Source Files</Filter>
    </ClCompile>
    <ClCompile Include="rel\source\mod.cpp">
      <Filter>Source Files</Filter>
    </ClCompile>
    <ClCompile Include="rel\source\OWR.cpp">
      <Filter>Source Files</Filter>
    </ClCompile>
    <ClCompile Include="rel\source\patch.cpp">
      <Filter>Source Files</Filter>
    </ClCompile>
    <ClCompile Include="rel\source\rel.cpp">
      <Filter>Source Files</Filter>
    </ClCompile>
    <ClCompile Include="rel\source\ug.cpp">
      <Filter>Source Files</Filter>
    </ClCompile>
    <ClCompile Include="rel\source\util.cpp">
      <Filter>Source Files</Filter>
    </ClCompile>
    <ClCompile Include="rel\source\AP\gor_00.cpp">
      <Filter>Source Files</Filter>
    </ClCompile>
    <ClCompile Include="rel\source\AP\gor_01.cpp">
      <Filter>Source Files</Filter>
    </ClCompile>
    <ClCompile Include="rel\source\AP\gor_02.cpp">
      <Filter>Source Files</Filter>
    </ClCompile>
    <ClCompile Include="rel\source\AP\gor_03.cpp">
      <Filter>Source Files</Filter>
    </ClCompile>
    <ClCompile Include="rel\source\AP\gor_04.cpp">
      <Filter>Source Files</Filter>
    </ClCompile>
    <ClCompile Include="rel\source\AP\gor_misc.cpp">
      <Filter>Source Files</Filter>
    </ClCompile>
    <ClCompile Include="rel\source\AP\hei.cpp">
      <Filter>Source Files</Filter>
    </ClCompile>
    <ClCompile Include="rel\source\AP\nok.cpp">
      <Filter>Source Files</Filter>
    </ClCompile>
    <ClCompile Include="rel\source\AP\gon.cpp">
      <Filter>Source Files</Filter>
    </ClCompile>
    <ClCompile Include="rel\source\AP\win.cpp">
      <Filter>Source Files</Filter>
    </ClCompile>
    <ClCompile Include="rel\source\AP\mri.cpp">
      <Filter>Source Files</Filter>
    </ClCompile>
    <ClCompile Include="rel\source\AP\tou.cpp">
      <Filter>Source Files</Filter>
    </ClCompile>
    <ClCompile Include="rel\source\AP\tou2.cpp">
      <Filter>Source Files</Filter>
    </ClCompile>
    <ClCompile Include="rel\source\AP\usu.cpp">
      <Filter>Source Files</Filter>
    </ClCompile>
    <ClCompile Include="rel\source\AP\gra.cpp">
      <Filter>Source Files</Filter>
    </ClCompile>
    <ClCompile Include="rel\source\AP\jin.cpp">
      <Filter>Source Files</Filter>
    </ClCompile>
    <ClCompile Include="rel\source\AP\muj.cpp">
      <Filter>Source Files</Filter>
    </ClCompile>
    <ClCompile Include="rel\source\AP\dou.cpp">
      <Filter>Source Files</Filter>
    </ClCompile>
    <ClCompile Include="rel\source\AP\rsh.cpp">
      <Filter>Source Files</Filter>
    </ClCompile>
    <ClCompile Include="rel\source\AP\eki.cpp">
      <Filter>Source Files</Filter>
    </ClCompile>
    <ClCompile Include="rel\source\AP\end.cpp">
      <Filter>Source Files</Filter>
    </ClCompile>
    <ClCompile Include="rel\source\AP\hom.cpp">
      <Filter>Source Files</Filter>
    </ClCompile>
    <ClCompile Include="rel\source\AP\pik.cpp">
      <Filter>Source Files</Filter>
    </ClCompile>
    <ClCompile Include="rel\source\AP\bom.cpp">
      <Filter>Source Files</Filter>
    </ClCompile>
    <ClCompile Include="rel\source\AP\moo.cpp">
      <Filter>Source Files</Filter>
    </ClCompile>
    <ClCompile Include="rel\source\AP\aji.cpp">
      <Filter>Source Files</Filter>
    </ClCompile>
    <ClCompile Include="rel\source\AP\aaa.cpp">
      <Filter>Source Files</Filter>
    </ClCompile>
    <ClCompile Include="rel\source\AP\kpa.cpp">
      <Filter>Source Files</Filter>
    </ClCompile>
    <ClCompile Include="rel\source\AP\las.cpp">
      <Filter>Source Files</Filter>
    </ClCompile>
    <ClCompile Include="rel\source\AP\tik.cpp">
      <Filter>Source Files</Filter>
    </ClCompile>
    <ClCompile Include="rel\source\StateManager.cpp">
      <Filter>Source Files</Filter>
    </ClCompile>
    <ClCompile Include="rel\source\AP\main.cpp">
      <Filter>Source Files</Filter>
    </ClCompile>
    <ClCompile Include="rel\source\errorHandling.cpp">
      <Filter>Source Files</Filter>
    </ClCompile>
    <ClCompile Include="rel\source\gamePatches.cpp">
      <Filter>Source Files</Filter>
    </ClCompile>
    <ClCompile Include="rel\source\printf.cpp">
      <Filter>Source Files</Filter>
    </ClCompile>
    <ClCompile Include="rel\source\helper_fuctions.cpp">
      <Filter>Source Files</Filter>
    </ClCompile>
    <ClCompile Include="rel\include\ttyd\countdown.h">
      <Filter>Source Files</Filter>
    </ClCompile>
    <ClCompile Include="rel\source\relmgr.cpp">
      <Filter>Source Files</Filter>
    </ClCompile>
    <ClCompile Include="rel\subrels\aaa\source\main.cpp">
      <Filter>Source Files</Filter>
    </ClCompile>
    <ClCompile Include="rel\subrels\aji\source\main.cpp">
      <Filter>Source Files</Filter>
    </ClCompile>
    <ClCompile Include="rel\subrels\bom\source\main.cpp">
      <Filter>Source Files</Filter>
    </ClCompile>
    <ClCompile Include="rel\subrels\dou\source\main.cpp">
      <Filter>Source Files</Filter>
    </ClCompile>
    <ClCompile Include="rel\subrels\eki\source\main.cpp">
      <Filter>Source Files</Filter>
    </ClCompile>
    <ClCompile Include="rel\subrels\end\source\main.cpp">
      <Filter>Source Files</Filter>
    </ClCompile>
    <ClCompile Include="rel\subrels\gon\source\main.cpp">
      <Filter>Source Files</Filter>
    </ClCompile>
    <ClCompile Include="rel\subrels\gor\source\gor_00.cpp">
      <Filter>Source Files</Filter>
    </ClCompile>
    <ClCompile Include="rel\subrels\gor\source\gor_01.cpp">
      <Filter>Source Files</Filter>
    </ClCompile>
    <ClCompile Include="rel\subrels\gor\source\gor_02.cpp">
      <Filter>Source Files</Filter>
    </ClCompile>
    <ClCompile Include="rel\subrels\gor\source\gor_03.cpp">
      <Filter>Source Files</Filter>
    </ClCompile>
    <ClCompile Include="rel\subrels\gor\source\gor_04.cpp">
      <Filter>Source Files</Filter>
    </ClCompile>
    <ClCompile Include="rel\subrels\gor\source\gor_misc.cpp">
      <Filter>Source Files</Filter>
    </ClCompile>
    <ClCompile Include="rel\subrels\gor\source\main.cpp">
      <Filter>Source Files</Filter>
    </ClCompile>
    <ClCompile Include="rel\subrels\gra\source\main.cpp">
      <Filter>Source Files</Filter>
    </ClCompile>
    <ClCompile Include="rel\subrels\hei\source\main.cpp">
      <Filter>Source Files</Filter>
    </ClCompile>
    <ClCompile Include="rel\subrels\hom\source\main.cpp">
      <Filter>Source Files</Filter>
    </ClCompile>
    <ClCompile Include="rel\subrels\init\source\gamePatches.cpp">
      <Filter>Source Files</Filter>
    </ClCompile>
    <ClCompile Include="rel\subrels\init\source\main.cpp">
      <Filter>Source Files</Filter>
    </ClCompile>
    <ClCompile Include="rel\subrels\init\source\OWR.cpp">
      <Filter>Source Files</Filter>
    </ClCompile>
    <ClCompile Include="rel\subrels\jin\source\main.cpp">
      <Filter>Source Files</Filter>
    </ClCompile>
    <ClCompile Include="rel\subrels\kpa\source\main.cpp">
      <Filter>Source Files</Filter>
    </ClCompile>
    <ClCompile Include="rel\subrels\las\source\main.cpp">
      <Filter>Source Files</Filter>
    </ClCompile>
    <ClCompile Include="rel\subrels\moo\source\main.cpp">
      <Filter>Source Files</Filter>
    </ClCompile>
    <ClCompile Include="rel\subrels\mri\source\main.cpp">
      <Filter>Source Files</Filter>
    </ClCompile>
    <ClCompile Include="rel\subrels\muj\source\main.cpp">
      <Filter>Source Files</Filter>
    </ClCompile>
    <ClCompile Include="rel\subrels\nok\source\main.cpp">
      <Filter>Source Files</Filter>
    </ClCompile>
    <ClCompile Include="rel\subrels\pik\source\main.cpp">
      <Filter>Source Files</Filter>
    </ClCompile>
    <ClCompile Include="rel\subrels\rsh\source\main.cpp">
      <Filter>Source Files</Filter>
    </ClCompile>
    <ClCompile Include="rel\subrels\tik\source\main.cpp">
      <Filter>Source Files</Filter>
    </ClCompile>
    <ClCompile Include="rel\subrels\tou\source\main.cpp">
      <Filter>Source Files</Filter>
    </ClCompile>
    <ClCompile Include="rel\subrels\tou2\source\main.cpp">
      <Filter>Source Files</Filter>
    </ClCompile>
    <ClCompile Include="rel\subrels\usu\source\main.cpp">
      <Filter>Source Files</Filter>
    </ClCompile>
    <ClCompile Include="rel\subrels\win\source\main.cpp">
      <Filter>Source Files</Filter>
    </ClCompile>
    <ClCompile Include="rel\subrels\init\source\StateManager.cpp">
      <Filter>Source Files</Filter>
    </ClCompile>
    <ClCompile Include="rel\include\ttyd\gor_02.h">
      <Filter>Header Files</Filter>
    </ClCompile>
  </ItemGroup>
  <ItemGroup>
    <None Include="rel\include\ttyd.us.lst" />
    <None Include="rel\include\ttyd.jp.lst" />
    <None Include="rel\include\ttyd.eu.lst" />
    <None Include="cpp.hint" />
    <None Include="rel\source\cxx.ld" />
    <None Include="rel\source\patch_ih.S" />
    <None Include="rel\source\asm\CrashScreenDecrementYPos.s" />
    <None Include="rel\source\asm\FixBlooperCrash1.s" />
    <None Include="rel\source\asm\FixBlooperCrash2.s" />
    <None Include="rel\source\asm\asm_main.s" />
    <None Include="rel\source\asm\PreventDiaryTextboxSelection.s" />
    <None Include=".clang-format" />
    <None Include="rel\source\asm\FixEvtMapBlendSetFlagFollowerCrash.s" />
    <None Include="rel\source\asm\FixEvtMapBlendSetFlagPartnerCrash.s" />
  </ItemGroup>
</Project>